
Microsoft Visual Studio Solution File, Format Version 12.00
# Visual Studio Version 17
VisualStudioVersion = 17.3.32825.248
MinimumVisualStudioVersion = 10.0.40219.1
Project("{2150E333-8FDC-42A3-9474-1A3956D46DE8}") = "src", "src", "{85350C4B-CC64-46CB-AC1B-17419F9DE393}"
EndProject
Project("{2150E333-8FDC-42A3-9474-1A3956D46DE8}") = "corePackages", "corePackages", "{3AC9BD4A-0024-4233-A9BD-6615D548BBC2}"
EndProject
Project("{9A19103F-16F7-4668-BE54-9A1E7A4F7556}") = "Core.Application", "src\corePackages\Core.Application\Core.Application.csproj", "{5AB98676-4534-4C88-888C-3209EDD3146E}"
EndProject
Project("{9A19103F-16F7-4668-BE54-9A1E7A4F7556}") = "Core.CrossCuttingConcerns", "src\corePackages\Core.CrossCuttingConcers\Core.CrossCuttingConcerns.csproj", "{77BA59A6-2920-4573-84C3-02338FA3C52F}"
EndProject
Project("{9A19103F-16F7-4668-BE54-9A1E7A4F7556}") = "Core.ElasticSearch", "src\corePackages\Core.ElasticSearch\Core.ElasticSearch.csproj", "{8E45A6DB-9DEB-4CF8-9D83-B6B282E3041A}"
EndProject
Project("{9A19103F-16F7-4668-BE54-9A1E7A4F7556}") = "Core.Mailing", "src\corePackages\Core.Mailing\Core.Mailing.csproj", "{93342FC3-F7A0-4FA1-AFE7-150895C2B107}"
EndProject
Project("{9A19103F-16F7-4668-BE54-9A1E7A4F7556}") = "Core.Persistence", "src\corePackages\Core.Persistence\Core.Persistence.csproj", "{7260F5DD-269A-4936-BE2E-80A8E8B877EA}"
EndProject
Project("{9A19103F-16F7-4668-BE54-9A1E7A4F7556}") = "Core.Security", "src\corePackages\Core.Security\Core.Security.csproj", "{5C60AEC0-B018-445E-B801-23F66FAAB5FF}"
EndProject
Project("{2150E333-8FDC-42A3-9474-1A3956D46DE8}") = "Kodlama.io.Devs", "Kodlama.io.Devs", "{AEBA2C55-D50D-4F1D-8639-EC2D83307292}"
EndProject
Project("{9A19103F-16F7-4668-BE54-9A1E7A4F7556}") = "Kodlama.io.Devs.Application", "src\Kodlama.io.Devs\Kodlama.io.Devs.Application\Kodlama.io.Devs.Application.csproj", "{1F936CC1-C0E5-4A05-BB11-C99F5C1D2A1A}"
EndProject
Project("{9A19103F-16F7-4668-BE54-9A1E7A4F7556}") = "Kodlama.io.Devs.Domain", "src\Kodlama.io.Devs\Kodlama.io.Devs.Domain\Kodlama.io.Devs.Domain.csproj", "{5169B4D1-8EA2-468E-A420-C003E9E69B64}"
EndProject
Project("{9A19103F-16F7-4668-BE54-9A1E7A4F7556}") = "Kodlama.io.Devs.Infrastructure", "src\Kodlama.io.Devs\Kodlama.io.Devs.Infrastructure\Kodlama.io.Devs.Infrastructure.csproj", "{38F77206-52F0-4A67-BD5C-D9F205679704}"
EndProject
Project("{9A19103F-16F7-4668-BE54-9A1E7A4F7556}") = "Kodlama.io.Devs.Persistence", "src\Kodlama.io.Devs\Kodlama.io.Devs.Persistence\Kodlama.io.Devs.Persistence.csproj", "{65C61F86-7110-4D77-B18A-3ABC423D95D3}"
EndProject
Project("{FAE04EC0-301F-11D3-BF4B-00C04F79EFBC}") = "Kodlama.io.Devs.WebAPI", "src\Kodlama.io.Devs\Kodlama.io.Devs.WebAPI\Kodlama.io.Devs.WebAPI.csproj", "{2C1F3E7B-0091-49F9-91FC-CFFCB102E5BD}"
EndProject
Global
	GlobalSection(SolutionConfigurationPlatforms) = preSolution
		Debug|Any CPU = Debug|Any CPU
		Release|Any CPU = Release|Any CPU
	EndGlobalSection
	GlobalSection(ProjectConfigurationPlatforms) = postSolution
		{5AB98676-4534-4C88-888C-3209EDD3146E}.Debug|Any CPU.ActiveCfg = Debug|Any CPU
		{5AB98676-4534-4C88-888C-3209EDD3146E}.Debug|Any CPU.Build.0 = Debug|Any CPU
		{5AB98676-4534-4C88-888C-3209EDD3146E}.Release|Any CPU.ActiveCfg = Release|Any CPU
		{5AB98676-4534-4C88-888C-3209EDD3146E}.Release|Any CPU.Build.0 = Release|Any CPU
		{77BA59A6-2920-4573-84C3-02338FA3C52F}.Debug|Any CPU.ActiveCfg = Debug|Any CPU
		{77BA59A6-2920-4573-84C3-02338FA3C52F}.Debug|Any CPU.Build.0 = Debug|Any CPU
		{77BA59A6-2920-4573-84C3-02338FA3C52F}.Release|Any CPU.ActiveCfg = Release|Any CPU
		{77BA59A6-2920-4573-84C3-02338FA3C52F}.Release|Any CPU.Build.0 = Release|Any CPU
		{8E45A6DB-9DEB-4CF8-9D83-B6B282E3041A}.Debug|Any CPU.ActiveCfg = Debug|Any CPU
		{8E45A6DB-9DEB-4CF8-9D83-B6B282E3041A}.Debug|Any CPU.Build.0 = Debug|Any CPU
		{8E45A6DB-9DEB-4CF8-9D83-B6B282E3041A}.Release|Any CPU.ActiveCfg = Release|Any CPU
		{8E45A6DB-9DEB-4CF8-9D83-B6B282E3041A}.Release|Any CPU.Build.0 = Release|Any CPU
		{93342FC3-F7A0-4FA1-AFE7-150895C2B107}.Debug|Any CPU.ActiveCfg = Debug|Any CPU
		{93342FC3-F7A0-4FA1-AFE7-150895C2B107}.Debug|Any CPU.Build.0 = Debug|Any CPU
		{93342FC3-F7A0-4FA1-AFE7-150895C2B107}.Release|Any CPU.ActiveCfg = Release|Any CPU
		{93342FC3-F7A0-4FA1-AFE7-150895C2B107}.Release|Any CPU.Build.0 = Release|Any CPU
		{7260F5DD-269A-4936-BE2E-80A8E8B877EA}.Debug|Any CPU.ActiveCfg = Debug|Any CPU
		{7260F5DD-269A-4936-BE2E-80A8E8B877EA}.Debug|Any CPU.Build.0 = Debug|Any CPU
		{7260F5DD-269A-4936-BE2E-80A8E8B877EA}.Release|Any CPU.ActiveCfg = Release|Any CPU
		{7260F5DD-269A-4936-BE2E-80A8E8B877EA}.Release|Any CPU.Build.0 = Release|Any CPU
		{5C60AEC0-B018-445E-B801-23F66FAAB5FF}.Debug|Any CPU.ActiveCfg = Debug|Any CPU
		{5C60AEC0-B018-445E-B801-23F66FAAB5FF}.Debug|Any CPU.Build.0 = Debug|Any CPU
		{5C60AEC0-B018-445E-B801-23F66FAAB5FF}.Release|Any CPU.ActiveCfg = Release|Any CPU
		{5C60AEC0-B018-445E-B801-23F66FAAB5FF}.Release|Any CPU.Build.0 = Release|Any CPU
		{1F936CC1-C0E5-4A05-BB11-C99F5C1D2A1A}.Debug|Any CPU.ActiveCfg = Debug|Any CPU
		{1F936CC1-C0E5-4A05-BB11-C99F5C1D2A1A}.Debug|Any CPU.Build.0 = Debug|Any CPU
		{1F936CC1-C0E5-4A05-BB11-C99F5C1D2A1A}.Release|Any CPU.ActiveCfg = Release|Any CPU
		{1F936CC1-C0E5-4A05-BB11-C99F5C1D2A1A}.Release|Any CPU.Build.0 = Release|Any CPU
		{5169B4D1-8EA2-468E-A420-C003E9E69B64}.Debug|Any CPU.ActiveCfg = Debug|Any CPU
		{5169B4D1-8EA2-468E-A420-C003E9E69B64}.Debug|Any CPU.Build.0 = Debug|Any CPU
		{5169B4D1-8EA2-468E-A420-C003E9E69B64}.Release|Any CPU.ActiveCfg = Release|Any CPU
		{5169B4D1-8EA2-468E-A420-C003E9E69B64}.Release|Any CPU.Build.0 = Release|Any CPU
		{38F77206-52F0-4A67-BD5C-D9F205679704}.Debug|Any CPU.ActiveCfg = Debug|Any CPU
		{38F77206-52F0-4A67-BD5C-D9F205679704}.Debug|Any CPU.Build.0 = Debug|Any CPU
		{38F77206-52F0-4A67-BD5C-D9F205679704}.Release|Any CPU.ActiveCfg = Release|Any CPU
		{38F77206-52F0-4A67-BD5C-D9F205679704}.Release|Any CPU.Build.0 = Release|Any CPU
		{65C61F86-7110-4D77-B18A-3ABC423D95D3}.Debug|Any CPU.ActiveCfg = Debug|Any CPU
		{65C61F86-7110-4D77-B18A-3ABC423D95D3}.Debug|Any CPU.Build.0 = Debug|Any CPU
		{65C61F86-7110-4D77-B18A-3ABC423D95D3}.Release|Any CPU.ActiveCfg = Release|Any CPU
		{65C61F86-7110-4D77-B18A-3ABC423D95D3}.Release|Any CPU.Build.0 = Release|Any CPU
		{2C1F3E7B-0091-49F9-91FC-CFFCB102E5BD}.Debug|Any CPU.ActiveCfg = Debug|Any CPU
		{2C1F3E7B-0091-49F9-91FC-CFFCB102E5BD}.Debug|Any CPU.Build.0 = Debug|Any CPU
		{2C1F3E7B-0091-49F9-91FC-CFFCB102E5BD}.Release|Any CPU.ActiveCfg = Release|Any CPU
		{2C1F3E7B-0091-49F9-91FC-CFFCB102E5BD}.Release|Any CPU.Build.0 = Release|Any CPU
	EndGlobalSection
	GlobalSection(SolutionProperties) = preSolution
		HideSolutionNode = FALSE
	EndGlobalSection
	GlobalSection(NestedProjects) = preSolution
		{3AC9BD4A-0024-4233-A9BD-6615D548BBC2} = {85350C4B-CC64-46CB-AC1B-17419F9DE393}
		{5AB98676-4534-4C88-888C-3209EDD3146E} = {3AC9BD4A-0024-4233-A9BD-6615D548BBC2}
		{77BA59A6-2920-4573-84C3-02338FA3C52F} = {3AC9BD4A-0024-4233-A9BD-6615D548BBC2}
		{8E45A6DB-9DEB-4CF8-9D83-B6B282E3041A} = {3AC9BD4A-0024-4233-A9BD-6615D548BBC2}
		{93342FC3-F7A0-4FA1-AFE7-150895C2B107} = {3AC9BD4A-0024-4233-A9BD-6615D548BBC2}
		{7260F5DD-269A-4936-BE2E-80A8E8B877EA} = {3AC9BD4A-0024-4233-A9BD-6615D548BBC2}
		{5C60AEC0-B018-445E-B801-23F66FAAB5FF} = {3AC9BD4A-0024-4233-A9BD-6615D548BBC2}
		{AEBA2C55-D50D-4F1D-8639-EC2D83307292} = {85350C4B-CC64-46CB-AC1B-17419F9DE393}
		{1F936CC1-C0E5-4A05-BB11-C99F5C1D2A1A} = {AEBA2C55-D50D-4F1D-8639-EC2D83307292}
		{5169B4D1-8EA2-468E-A420-C003E9E69B64} = {AEBA2C55-D50D-4F1D-8639-EC2D83307292}
		{38F77206-52F0-4A67-BD5C-D9F205679704} = {AEBA2C55-D50D-4F1D-8639-EC2D83307292}
		{65C61F86-7110-4D77-B18A-3ABC423D95D3} = {AEBA2C55-D50D-4F1D-8639-EC2D83307292}
		{2C1F3E7B-0091-49F9-91FC-CFFCB102E5BD} = {AEBA2C55-D50D-4F1D-8639-EC2D83307292}
	EndGlobalSection
	GlobalSection(ExtensibilityGlobals) = postSolution
		SolutionGuid = {08BE18DE-940C-40C1-AE73-87669E053CA2}
	EndGlobalSection
EndGlobal
